
Microsoft Visual Studio Solution File, Format Version 12.00
# Visual Studio 15
VisualStudioVersion = 15.0.28307.1000
MinimumVisualStudioVersion = 10.0.40219.1
Project("{FAE04EC0-301F-11D3-BF4B-00C04F79EFBC}") = "Eshop_API", "Eshop_API\Eshop_API.csproj", "{F7FA0C13-B313-440F-BB62-DD24F5711B0D}"
EndProject
Global
	GlobalSection(SolutionConfigurationPlatforms) = preSolution
		Debug|Any CPU = Debug|Any CPU
		Release|Any CPU = Release|Any CPU
	EndGlobalSection
	GlobalSection(ProjectConfigurationPlatforms) = postSolution
		{F7FA0C13-B313-440F-BB62-DD24F5711B0D}.Debug|Any CPU.ActiveCfg = Debug|Any CPU
		{F7FA0C13-B313-440F-BB62-DD24F5711B0D}.Debug|Any CPU.Build.0 = Debug|Any CPU
		{F7FA0C13-B313-440F-BB62-DD24F5711B0D}.Release|Any CPU.ActiveCfg = Release|Any CPU
		{F7FA0C13-B313-440F-BB62-DD24F5711B0D}.Release|Any CPU.Build.0 = Release|Any CPU
	EndGlobalSection
	GlobalSection(SolutionProperties) = preSolution
		HideSolutionNode = FALSE
	EndGlobalSection
	GlobalSection(ExtensibilityGlobals) = postSolution
		SolutionGuid = {45C7C684-7D33-4B95-933D-CFB6B986A1F0}
	EndGlobalSection
EndGlobal
